<?xml version="1.0" encoding="UTF-8" standalone="yes" ?>
<CodeBlocks_project_file>
	<FileVersion major="1" minor="6" />
	<Project>
		<Option title="HexGrid" />
		<Option pch_mode="2" />
		<Option compiler="gcc" />
		<Build>
			<Target title="Debug">
				<Option output="bin/Debug/HexGrid" prefix_auto="1" extension_auto="1" />
				<Option object_output="obj/Debug/" />
				<Option type="1" />
				<Option compiler="gcc" />
				<Compiler>
					<Add option="-g" />
				</Compiler>
				<Linker>
					<Add library="sfml-graphics-s-d" />
					<Add library="sfml-window-s-d" />
					<Add library="sfml-system-s-d" />
				</Linker>
			</Target>
			<Target title="Release">
				<Option output="bin/HexGrid" prefix_auto="1" extension_auto="1" />
				<Option object_output="obj/" />
				<Option type="1" />
				<Option compiler="gcc" />
				<Compiler>
					<Add option="-O2" />
				</Compiler>
				<Linker>
					<Add option="-s" />
					<Add library="sfml-graphics-s" />
					<Add library="sfml-window-s" />
					<Add library="sfml-system-s" />
				</Linker>
			</Target>
		</Build>
		<Compiler>
			<Add option="-Wall" />
			<Add option="-DSFML_STATIC" />
			<Add directory="%SFML_HOME%/include" />
			<Add directory="include" />
		</Compiler>
		<Linker>
			<Add directory="%SFML_HOME%/lib" />
		</Linker>
		<Unit filename="include/icarus/overworld/battlezone.hpp" />
		<Unit filename="include/icarus/overworld/characacter_holder.hpp" />
		<Unit filename="include/icarus/overworld/hex_grid_creator.hpp" />
		<Unit filename="include/icarus/overworld/hex_sprite.hpp" />
		<Unit filename="include/icarus/overworld/nation_creator.hpp" />
		<Unit filename="include/icarus/overworld/nation_info.hpp" />
		<Unit filename="include/icarus/overworld/overworld_state.hpp" />
		<Unit filename="include/icarus/overworld/statistics.hpp" />
		<Unit filename="main.cpp" />
		<Unit filename="src/icarus/overworld/battlezone.cpp" />
		<Unit filename="src/icarus/overworld/characacter_holder.cpp" />
		<Unit filename="src/icarus/overworld/hex_grid_creator.cpp" />
		<Unit filename="src/icarus/overworld/hex_sprite.cpp" />
		<Unit filename="src/icarus/overworld/nation_creator.cpp" />
		<Unit filename="src/icarus/overworld/nation_info.cpp" />
		<Unit filename="src/icarus/overworld/overworld_state.cpp" />
		<Extensions>
			<code_completion />
			<envvars />
			<debugger />
			<lib_finder disable_auto="1" />
			<DoxyBlocks>
				<comment_style block="0" line="0" />
				<doxyfile_project />
				<doxyfile_build />
				<doxyfile_warnings />
				<doxyfile_output />
				<doxyfile_dot />
				<general />
			</DoxyBlocks>
		</Extensions>
	</Project>
</CodeBlocks_project_file>
